
Microsoft Visual Studio Solution File, Format Version 12.00
# Visual Studio Version 17
VisualStudioVersion = 17.1.32421.90
MinimumVisualStudioVersion = 10.0.40219.1
Project("{FAE04EC0-301F-11D3-BF4B-00C04F79EFBC}") = "DesktopDuplicationWapper", "DesktopDuplicationWapper\DesktopDuplicationWapper.csproj", "{12E88424-CDF7-4595-AA28-A69CCE9CFC56}"
EndProject
Global
	GlobalSection(SolutionConfigurationPlatforms) = preSolution
		Debug|Any CPU = Debug|Any CPU
		Release|Any CPU = Release|Any CPU
	EndGlobalSection
	GlobalSection(ProjectConfigurationPlatforms) = postSolution
		{12E88424-CDF7-4595-AA28-A69CCE9CFC56}.Debug|Any CPU.ActiveCfg = Debug|Any CPU
		{12E88424-CDF7-4595-AA28-A69CCE9CFC56}.Debug|Any CPU.Build.0 = Debug|Any CPU
		{12E88424-CDF7-4595-AA28-A69CCE9CFC56}.Release|Any CPU.ActiveCfg = Release|Any CPU
		{12E88424-CDF7-4595-AA28-A69CCE9CFC56}.Release|Any CPU.Build.0 = Release|Any CPU
	EndGlobalSection
	GlobalSection(SolutionProperties) = preSolution
		HideSolutionNode = FALSE
	EndGlobalSection
	GlobalSection(ExtensibilityGlobals) = postSolution
		SolutionGuid = {FF7FCE98-C70F-4EE7-9B03-942E11904C02}
	EndGlobalSection
EndGlobal
